
Microsoft Visual Studio Solution File, Format Version 12.00
# Visual Studio 15
VisualStudioVersion = 15.0.26124.0
MinimumVisualStudioVersion = 15.0.26124.0
Project("{FAE04EC0-301F-11D3-BF4B-00C04F79EFBC}") = "Pyramid", "Pyramid\Pyramid.csproj", "{D3E37341-9271-4CA4-B463-92DC72C064B9}"
EndProject
Project("{FAE04EC0-301F-11D3-BF4B-00C04F79EFBC}") = "Tests", "Tests\Tests.csproj", "{367004D4-455B-4145-BD15-2766D1E51B43}"
EndProject
Global
	GlobalSection(SolutionConfigurationPlatforms) = preSolution
		Debug|Any CPU = Debug|Any CPU
		Debug|x64 = Debug|x64
		Debug|x86 = Debug|x86
		Release|Any CPU = Release|Any CPU
		Release|x64 = Release|x64
		Release|x86 = Release|x86
	EndGlobalSection
	GlobalSection(SolutionProperties) = preSolution
		HideSolutionNode = FALSE
	EndGlobalSection
	GlobalSection(ProjectConfigurationPlatforms) = postSolution
		{D3E37341-9271-4CA4-B463-92DC72C064B9}.Debug|Any CPU.ActiveCfg = Debug|Any CPU
		{D3E37341-9271-4CA4-B463-92DC72C064B9}.Debug|Any CPU.Build.0 = Debug|Any CPU
		{D3E37341-9271-4CA4-B463-92DC72C064B9}.Debug|x64.ActiveCfg = Debug|Any CPU
		{D3E37341-9271-4CA4-B463-92DC72C064B9}.Debug|x64.Build.0 = Debug|Any CPU
		{D3E37341-9271-4CA4-B463-92DC72C064B9}.Debug|x86.ActiveCfg = Debug|Any CPU
		{D3E37341-9271-4CA4-B463-92DC72C064B9}.Debug|x86.Build.0 = Debug|Any CPU
		{D3E37341-9271-4CA4-B463-92DC72C064B9}.Release|Any CPU.ActiveCfg = Release|Any CPU
		{D3E37341-9271-4CA4-B463-92DC72C064B9}.Release|Any CPU.Build.0 = Release|Any CPU
		{D3E37341-9271-4CA4-B463-92DC72C064B9}.Release|x64.ActiveCfg = Release|Any CPU
		{D3E37341-9271-4CA4-B463-92DC72C064B9}.Release|x64.Build.0 = Release|Any CPU
		{D3E37341-9271-4CA4-B463-92DC72C064B9}.Release|x86.ActiveCfg = Release|Any CPU
		{D3E37341-9271-4CA4-B463-92DC72C064B9}.Release|x86.Build.0 = Release|Any CPU
		{367004D4-455B-4145-BD15-2766D1E51B43}.Debug|Any CPU.ActiveCfg = Debug|Any CPU
		{367004D4-455B-4145-BD15-2766D1E51B43}.Debug|Any CPU.Build.0 = Debug|Any CPU
		{367004D4-455B-4145-BD15-2766D1E51B43}.Debug|x64.ActiveCfg = Debug|Any CPU
		{367004D4-455B-4145-BD15-2766D1E51B43}.Debug|x64.Build.0 = Debug|Any CPU
		{367004D4-455B-4145-BD15-2766D1E51B43}.Debug|x86.ActiveCfg = Debug|Any CPU
		{367004D4-455B-4145-BD15-2766D1E51B43}.Debug|x86.Build.0 = Debug|Any CPU
		{367004D4-455B-4145-BD15-2766D1E51B43}.Release|Any CPU.ActiveCfg = Release|Any CPU
		{367004D4-455B-4145-BD15-2766D1E51B43}.Release|Any CPU.Build.0 = Release|Any CPU
		{367004D4-455B-4145-BD15-2766D1E51B43}.Release|x64.ActiveCfg = Release|Any CPU
		{367004D4-455B-4145-BD15-2766D1E51B43}.Release|x64.Build.0 = Release|Any CPU
		{367004D4-455B-4145-BD15-2766D1E51B43}.Release|x86.ActiveCfg = Release|Any CPU
		{367004D4-455B-4145-BD15-2766D1E51B43}.Release|x86.Build.0 = Release|Any CPU
	EndGlobalSection
EndGlobal
